
Microsoft Visual Studio Solution File, Format Version 12.00
# Visual Studio Version 16
VisualStudioVersion = 16.0.29728.190
MinimumVisualStudioVersion = 10.0.40219.1
Project("{FAE04EC0-301F-11D3-BF4B-00C04F79EFBC}") = "PasswordUtility", "PasswordUtility\PasswordUtility.csproj", "{84EA1A7F-6893-4DB2-9414-9D9EB4041909}"
EndProject
Project("{9A19103F-16F7-4668-BE54-9A1E7A4F7556}") = "PasswordDemo", "PasswordDemo\PasswordDemo.csproj", "{ACF4751E-D8DC-484D-B0DF-98408DC24504}"
EndProject
Global
	GlobalSection(SolutionConfigurationPlatforms) = preSolution
		Debug|Any CPU = Debug|Any CPU
		Release|Any CPU = Release|Any CPU
	EndGlobalSection
	GlobalSection(ProjectConfigurationPlatforms) = postSolution
		{84EA1A7F-6893-4DB2-9414-9D9EB4041909}.Debug|Any CPU.ActiveCfg = Debug|Any CPU
		{84EA1A7F-6893-4DB2-9414-9D9EB4041909}.Debug|Any CPU.Build.0 = Debug|Any CPU
		{84EA1A7F-6893-4DB2-9414-9D9EB4041909}.Release|Any CPU.ActiveCfg = Release|Any CPU
		{84EA1A7F-6893-4DB2-9414-9D9EB4041909}.Release|Any CPU.Build.0 = Release|Any CPU
		{ACF4751E-D8DC-484D-B0DF-98408DC24504}.Debug|Any CPU.ActiveCfg = Debug|Any CPU
		{ACF4751E-D8DC-484D-B0DF-98408DC24504}.Debug|Any CPU.Build.0 = Debug|Any CPU
		{ACF4751E-D8DC-484D-B0DF-98408DC24504}.Release|Any CPU.ActiveCfg = Release|Any CPU
		{ACF4751E-D8DC-484D-B0DF-98408DC24504}.Release|Any CPU.Build.0 = Release|Any CPU
	EndGlobalSection
	GlobalSection(SolutionProperties) = preSolution
		HideSolutionNode = FALSE
	EndGlobalSection
	GlobalSection(ExtensibilityGlobals) = postSolution
		SolutionGuid = {931714CF-7275-45F0-AD3B-984FFF47AF5C}
	EndGlobalSection
EndGlobal
